version = 1
revision = 2
requires-python = ">=3.14"

[[package]]
name = "everybody-codes"
version = "0.1.0"
source = { virtual = "." }

[package.dev-dependencies]
dev = [
    { name = "ruff" },
    { name = "ty" },
]

[package.metadata]

[package.metadata.requires-dev]
dev = [
    { name = "ruff", specifier = ">=0.14.4" },
    { name = "ty", specifier = ">=0.0.1a25" },
]

[[package]]
name = "ruff"
version = "0.14.4"
source = { registry = "https://pypi.org/simple" }
sdist = { url = "https://files.pythonhosted.org/packages/df/55/cccfca45157a2031dcbb5a462a67f7cf27f8b37d4b3b1cd7438f0f5c1df6/ruff-0.14.4.tar.gz", hash = "sha256:f459a49fe1085a749f15414ca76f61595f1a2cc8778ed7c279b6ca2e1fd19df3", size = 5587844, upload-time = "2025-11-06T22:07:45.033Z" }
wheels = [
    { url = "https://files.pythonhosted.org/packages/17/b9/67240254166ae1eaa38dec32265e9153ac53645a6c6670ed36ad00722af8/ruff-0.14.4-py3-none-linux_armv6l.whl", hash = "sha256:e6604613ffbcf2297cd5dcba0e0ac9bd0c11dc026442dfbb614504e87c349518", size = 12606781, upload-time = "2025-11-06T22:07:01.841Z" },
    { url = "https://files.pythonhosted.org/packages/46/c8/09b3ab245d8652eafe5256ab59718641429f68681ee713ff06c5c549f156/ruff-0.14.4-py3-none-macosx_10_12_x86_64.whl", hash = "sha256:d99c0b52b6f0598acede45ee78288e5e9b4409d1ce7f661f0fa36d4cbeadf9a4", size = 12946765, upload-time = "2025-11-06T22:07:05.858Z" },
    { url = "https://files.pythonhosted.org/packages/14/bb/1564b000219144bf5eed2359edc94c3590dd49d510751dad26202c18a17d/ruff-0.14.4-py3-none-macosx_11_0_arm64.whl", hash = "sha256:9358d490ec030f1b51d048a7fd6ead418ed0826daf6149e95e30aa67c168af33", size = 11928120, upload-time = "2025-11-06T22:07:08.023Z" },
    { url = "https://files.pythonhosted.org/packages/a3/92/d5f1770e9988cc0742fefaa351e840d9aef04ec24ae1be36f333f96d5704/ruff-0.14.4-py3-none-manylinux_2_17_aarch64.manylinux2014_aarch64.whl", hash = "sha256:81b40d27924f1f02dfa827b9c0712a13c0e4b108421665322218fc38caf615c2", size = 12370877, upload-time = "2025-11-06T22:07:10.015Z" },
    { url = "https://files.pythonhosted.org/packages/e2/29/e9282efa55f1973d109faf839a63235575519c8ad278cc87a182a366810e/ruff-0.14.4-py3-none-manylinux_2_17_armv7l.manylinux2014_armv7l.whl", hash = "sha256:f5e649052a294fe00818650712083cddc6cc02744afaf37202c65df9ea52efa5", size = 12408538, upload-time = "2025-11-06T22:07:13.085Z" },
    { url = "https://files.pythonhosted.org/packages/8e/01/930ed6ecfce130144b32d77d8d69f5c610e6d23e6857927150adf5d7379a/ruff-0.14.4-py3-none-manylinux_2_17_i686.manylinux2014_i686.whl", hash = "sha256:aa082a8f878deeba955531f975881828fd6afd90dfa757c2b0808aadb437136e", size = 13141942, upload-time = "2025-11-06T22:07:15.386Z" },
    { url = "https://files.pythonhosted.org/packages/6a/46/a9c89b42b231a9f487233f17a89cbef9d5acd538d9488687a02ad288fa6b/ruff-0.14.4-py3-none-manylinux_2_17_ppc64.manylinux2014_ppc64.whl", hash = "sha256:1043c6811c2419e39011890f14d0a30470f19d47d197c4858b2787dfa698f6c8", size = 14544306, upload-time = "2025-11-06T22:07:17.631Z" },
    { url = "https://files.pythonhosted.org/packages/78/96/9c6cf86491f2a6d52758b830b89b78c2ae61e8ca66b86bf5a20af73d20e6/ruff-0.14.4-py3-none-manylinux_2_17_ppc64le.manylinux2014_ppc64le.whl", hash = "sha256:a9f3a936ac27fb7c2a93e4f4b943a662775879ac579a433291a6f69428722649", size = 14210427, upload-time = "2025-11-06T22:07:19.832Z" },
    { url = "https://files.pythonhosted.org/packages/71/f4/0666fe7769a54f63e66404e8ff698de1dcde733e12e2fd1c9c6efb689cb5/ruff-0.14.4-py3-none-manylinux_2_17_s390x.manylinux2014_s390x.whl", hash = "sha256:95643ffd209ce78bc113266b88fba3d39e0461f0cbc8b55fb92505030fb4a850", size = 13658488, upload-time = "2025-11-06T22:07:22.32Z" },
    { url = "https://files.pythonhosted.org/packages/ee/79/6ad4dda2cfd55e41ac9ed6d73ef9ab9475b1eef69f3a85957210c74ba12c/ruff-0.14.4-py3-none-manylinux_2_17_x86_64.manylinux2014_x86_64.whl", hash = "sha256:456daa2fa1021bc86ca857f43fe29d5d8b3f0e55e9f90c58c317c1dcc2afc7b5", size = 13354908, upload-time = "2025-11-06T22:07:24.347Z" },
    { url = "https://files.pythonhosted.org/packages/b5/60/f0b6990f740bb15c1588601d19d21bcc1bd5de4330a07222041678a8e04f/ruff-0.14.4-py3-none-manylinux_2_31_riscv64.whl", hash = "sha256:f911bba769e4a9f51af6e70037bb72b70b45a16db5ce73e1f72aefe6f6d62132", size = 13587803, upload-time = "2025-11-06T22:07:26.327Z" },
    { url = "https://files.pythonhosted.org/packages/c9/da/eaaada586f80068728338e0ef7f29ab3e4a08a692f92eb901a4f06bbff24/ruff-0.14.4-py3-none-musllinux_1_2_aarch64.whl", hash = "sha256:76158a7369b3979fa878612c623a7e5430c18b2fd1c73b214945c2d06337db67", size = 12279654, upload-time = "2025-11-06T22:07:28.46Z" },
    { url = "https://files.pythonhosted.org/packages/66/d4/b1d0e82cf9bf8aed10a6d45be47b3f402730aa2c438164424783ac88c0ed/ruff-0.14.4-py3-none-musllinux_1_2_armv7l.whl", hash = "sha256:f3b8f3b442d2b14c246e7aeca2e75915159e06a3540e2f4bed9f50d062d24469", size = 12357520, upload-time = "2025-11-06T22:07:31.468Z" },
    { url = "https://files.pythonhosted.org/packages/04/f4/53e2b42cc82804617e5c7950b7079d79996c27e99c4652131c6a1100657f/ruff-0.14.4-py3-none-musllinux_1_2_i686.whl", hash = "sha256:c62da9a06779deecf4d17ed04939ae8b31b517643b26370c3be1d26f3ef7dbde", size = 12719431, upload-time = "2025-11-06T22:07:33.831Z" },
    { url = "https://files.pythonhosted.org/packages/a2/94/80e3d74ed9a72d64e94a7b7706b1c1ebaa315ef2076fd33581f6a1cd2f95/ruff-0.14.4-py3-none-musllinux_1_2_x86_64.whl", hash = "sha256:5a443a83a1506c684e98acb8cb55abaf3ef725078be40237463dae4463366349", size = 13464394, upload-time = "2025-11-06T22:07:35.905Z" },
    { url = "https://files.pythonhosted.org/packages/54/1a/a49f071f04c42345c793d22f6cf5e0920095e286119ee53a64a3a3004825/ruff-0.14.4-py3-none-win32.whl", hash = "sha256:643b69cb63cd996f1fc7229da726d07ac307eae442dd8974dbc7cf22c1e18fff", size = 12493429, upload-time = "2025-11-06T22:07:38.43Z" },
    { url = "https://files.pythonhosted.org/packages/bc/22/e58c43e641145a2b670328fb98bc384e20679b5774258b1e540207580266/ruff-0.14.4-py3-none-win_amd64.whl", hash = "sha256:26673da283b96fe35fa0c939bf8411abec47111644aa9f7cfbd3c573fb125d2c", size = 13635380, upload-time = "2025-11-06T22:07:40.496Z" },
    { url = "https://files.pythonhosted.org/packages/30/bd/4168a751ddbbf43e86544b4de8b5c3b7be8d7167a2a5cb977d274e04f0a1/ruff-0.14.4-py3-none-win_arm64.whl", hash = "sha256:dd09c292479596b0e6fec8cd95c65c3a6dc68e9ad17b8f2382130f87ff6a75bb", size = 12663065, upload-time = "2025-11-06T22:07:42.603Z" },
]

[[package]]
name = "ty"
version = "0.0.1a25"
source = { registry = "https://pypi.org/simple" }
sdist = { url = "https://files.pythonhosted.org/packages/f6/6b/e73bc3c1039ea72936158a08313155a49e5aa5e7db5205a149fe516a4660/ty-0.0.1a25.tar.gz", hash = "sha256:5550b24b9dd0e0f8b4b2c1f0fcc608a55d0421dd67b6c364bc7bf25762334511", size = 4403670, upload-time = "2025-10-29T19:40:23.647Z" }
wheels = [
    { url = "https://files.pythonhosted.org/packages/8f/3b/4457231238a2eeb04cba4ba7cc33d735be68ee46ca40a98ae30e187de864/ty-0.0.1a25-py3-none-linux_armv6l.whl", hash = "sha256:d35b2c1f94a014a22875d2745aa0432761d2a9a8eb7212630d5caf547daeef6d", size = 8878803, upload-time = "2025-10-29T19:39:42.243Z" },
    { url = "https://files.pythonhosted.org/packages/8a/fa/a328713dd310018fc7a381693d8588185baa2fdae913e01a6839187215df/ty-0.0.1a25-py3-none-macosx_10_12_x86_64.whl", hash = "sha256:192edac94675a468bac7f6e04687a77a64698e4e1fe01f6a048bf9b6dde5b703", size = 8695667, upload-time = "2025-10-29T19:39:45.179Z" },
    { url = "https://files.pythonhosted.org/packages/22/e8/5707939118992ced2bf5385adc3ede7723c1b717b07ad14c495eea1e47b4/ty-0.0.1a25-py3-none-macosx_11_0_arm64.whl", hash = "sha256:949523621f336e01bc7d687b7bd08fe838edadbdb6563c2c057ed1d264e820cf", size = 8159012, upload-time = "2025-10-29T19:39:47.011Z" },
    { url = "https://files.pythonhosted.org/packages/eb/fb/ff313aa71602225cd78f1bce3017713d6d1b1c1e0fa8101ead4594a60d95/ty-0.0.1a25-py3-none-manylinux_2_17_aarch64.manylinux2014_aarch64.whl", hash = "sha256:94f78f621458c05e59e890061021198197f29a7b51a33eda82bbb036e7ed73d7", size = 8433675, upload-time = "2025-10-29T19:39:48.443Z" },
    { url = "https://files.pythonhosted.org/packages/c0/8d/cc7e7fb57215a15b575a43ed042bdd92971871e0decec1b26d2e7d969465/ty-0.0.1a25-py3-none-manylinux_2_17_armv7l.manylinux2014_armv7l.whl", hash = "sha256:d9656fca8062a2c6709c30d76d662c96d2e7dbfee8f70e55ec6b6afd67b5d447", size = 8668456, upload-time = "2025-10-29T19:39:50.412Z" },
    { url = "https://files.pythonhosted.org/packages/b8/6d/d7bf5909ed2dcdcbc1e2ca7eea80929893e2d188d9c36b3fcb2b36532ff6/ty-0.0.1a25-py3-none-manylinux_2_17_i686.manylinux2014_i686.whl", hash = "sha256:a9f3bbf523b49935bbd76e230408d858dce0d614f44f5807bbbd0954f64e0f01", size = 9023543, upload-time = "2025-10-29T19:39:52.292Z" },
    { url = "https://files.pythonhosted.org/packages/b4/b8/72bcefb4be32e5a84f0b21de2552f16cdb4cae3eb271ac891c8199c26b1a/ty-0.0.1a25-py3-none-manylinux_2_17_ppc64.manylinux2014_ppc64.whl", hash = "sha256:f13ea9815f4a54a0a303ca7bf411b0650e3c2a24fc6c7889ffba2c94f5e97a6a", size = 9700013, upload-time = "2025-10-29T19:39:57.283Z" },
    { url = "https://files.pythonhosted.org/packages/90/0d/cf7e794b840cf6b0bbecb022e593c543f85abad27a582241cf2095048cb1/ty-0.0.1a25-py3-none-manylinux_2_17_ppc64le.manylinux2014_ppc64le.whl", hash = "sha256:eab6e33ebe202a71a50c3d5a5580e3bc1a85cda3ffcdc48cec3f1c693b7a873b", size = 9372574, upload-time = "2025-10-29T19:40:04.532Z" },
    { url = "https://files.pythonhosted.org/packages/1e/71/2d35e7d51b48eabd330e2f7b7e0bce541cbd95950c4d2f780e85f3366af1/ty-0.0.1a25-py3-none-manylinux_2_17_s390x.manylinux2014_s390x.whl", hash = "sha256:f6b9a31da43424cdab483703a54a561b93aabba84630788505329fc5294a9c62", size = 9535726, upload-time = "2025-10-29T19:40:06.548Z" },
    { url = "https://files.pythonhosted.org/packages/57/d3/01ecc23bbd8f3e0dfbcf9172d06d84e88155c5f416f1491137e8066fd859/ty-0.0.1a25-py3-none-manylinux_2_17_x86_64.manylinux2014_x86_64.whl", hash = "sha256:0a90d897a7c1a5ae9b41a4c7b0a42262a06361476ad88d783dbedd7913edadbc", size = 9003380, upload-time = "2025-10-29T19:40:08.683Z" },
    { url = "https://files.pythonhosted.org/packages/de/f9/cde9380d8a1a6ca61baeb9aecb12cbec90d489aa929be55cd78ad5c2ccd9/ty-0.0.1a25-py3-none-musllinux_1_2_aarch64.whl", hash = "sha256:93c7e7ab2859af0f866d34d27f4ae70dd4fb95b847387f082de1197f9f34e068", size = 8401833, upload-time = "2025-10-29T19:40:10.627Z" },
    { url = "https://files.pythonhosted.org/packages/0b/39/0acf3625b0c495011795a391016b572f97a812aca1d67f7a76621fdb9ebf/ty-0.0.1a25-py3-none-musllinux_1_2_armv7l.whl", hash = "sha256:4a247061bd32bae3865a236d7f8b6c9916c80995db30ae1600999010f90623a9", size = 8706761, upload-time = "2025-10-29T19:40:12.575Z" },
    { url = "https://files.pythonhosted.org/packages/25/73/7de1648f3563dd9d416d36ab5f1649bfd7b47a179135027f31d44b89a246/ty-0.0.1a25-py3-none-musllinux_1_2_i686.whl", hash = "sha256:1711dd587eccf04fd50c494dc39babe38f4cb345bc3901bf1d8149cac570e979", size = 8792426, upload-time = "2025-10-29T19:40:14.553Z" },
    { url = "https://files.pythonhosted.org/packages/7d/8a/b6e761a65eac7acd10b2e452f49b2d8ae0ea163ca36bb6b18b2dadae251b/ty-0.0.1a25-py3-none-musllinux_1_2_x86_64.whl", hash = "sha256:5f4c9b0cf7995e2e3de9bab4d066063dea92019f2f62673b7574e3612643dd35", size = 9103991, upload-time = "2025-10-29T19:40:16.332Z" },
    { url = "https://files.pythonhosted.org/packages/e4/25/9324ae947fcc4322470326cf8276a3fc2f08dc82adec1de79d963fdf7af5/ty-0.0.1a25-py3-none-win32.whl", hash = "sha256:168fc8aee396d617451acc44cd28baffa47359777342836060c27aa6f37e2445", size = 8387095, upload-time = "2025-10-29T19:40:18.368Z" },
    { url = "https://files.pythonhosted.org/packages/3b/2b/cb12cbc7db1ba310aa7b1de9b4e018576f653105993736c086ee67d2ec02/ty-0.0.1a25-py3-none-win_amd64.whl", hash = "sha256:a2fad3d8e92bb4d57a8872a6f56b1aef54539d36f23ebb01abe88ac4338efafb", size = 9059225, upload-time = "2025-10-29T19:40:20.278Z" },
    { url = "https://files.pythonhosted.org/packages/2f/c1/f6be8cdd0bf387c1d8ee9d14bb299b7b5d2c0532f550a6693216a32ec0c5/ty-0.0.1a25-py3-none-win_arm64.whl", hash = "sha256:dde2962d448ed87c48736e9a4bb13715a4cced705525e732b1c0dac1d4c66e3d", size = 8536832, upload-time = "2025-10-29T19:40:22.014Z" },
]
